
Microsoft Visual Studio Solution File, Format Version 12.00
# Visual Studio Version 17
VisualStudioVersion = 17.4.32916.344
MinimumVisualStudioVersion = 10.0.40219.1
Project("{FAE04EC0-301F-11D3-BF4B-00C04F79EFBC}") = "BlazorWasmStandaloneApp", "BlazorWasmStandaloneApp\BlazorWasmStandaloneApp.csproj", "{17F7D4C3-51E0-4384-A6B1-49BB81381FB0}"
EndProject
Global
	GlobalSection(SolutionConfigurationPlatforms) = preSolution
		Debug|Any CPU = Debug|Any CPU
		Release|Any CPU = Release|Any CPU
	EndGlobalSection
	GlobalSection(ProjectConfigurationPlatforms) = postSolution
		{17F7D4C3-51E0-4384-A6B1-49BB81381FB0}.Debug|Any CPU.ActiveCfg = Debug|Any CPU
		{17F7D4C3-51E0-4384-A6B1-49BB81381FB0}.Debug|Any CPU.Build.0 = Debug|Any CPU
		{17F7D4C3-51E0-4384-A6B1-49BB81381FB0}.Release|Any CPU.ActiveCfg = Release|Any CPU
		{17F7D4C3-51E0-4384-A6B1-49BB81381FB0}.Release|Any CPU.Build.0 = Release|Any CPU
	EndGlobalSection
	GlobalSection(SolutionProperties) = preSolution
		HideSolutionNode = FALSE
	EndGlobalSection
	GlobalSection(ExtensibilityGlobals) = postSolution
		SolutionGuid = {56029D97-A303-41BB-A986-A081FAB8DFD2}
	EndGlobalSection
EndGlobal
